
Microsoft Visual Studio Solution File, Format Version 12.00
# Visual Studio 15
VisualStudioVersion = 15.0.26730.15
MinimumVisualStudioVersion = 10.0.40219.1
Project("{888888A0-9F3D-457C-B088-3A5042F75D52}") = "pizone", "pizone.pyproj", "{6F3DA869-5D64-41C1-B4A7-F06CF2BE9BC7}"
EndProject
Global
	GlobalSection(SolutionConfigurationPlatforms) = preSolution
		Debug|Any CPU = Debug|Any CPU
		Release|Any CPU = Release|Any CPU
	EndGlobalSection
	GlobalSection(ProjectConfigurationPlatforms) = postSolution
		{6F3DA869-5D64-41C1-B4A7-F06CF2BE9BC7}.Debug|Any CPU.ActiveCfg = Debug|Any CPU
		{6F3DA869-5D64-41C1-B4A7-F06CF2BE9BC7}.Release|Any CPU.ActiveCfg = Release|Any CPU
	EndGlobalSection
	GlobalSection(SolutionProperties) = preSolution
		HideSolutionNode = FALSE
	EndGlobalSection
	GlobalSection(ExtensibilityGlobals) = postSolution
		SolutionGuid = {0E1431EC-EE53-4EAD-BE88-0F5C7808AA63}
	EndGlobalSection
EndGlobal
